
Microsoft Visual Studio Solution File, Format Version 12.00
# Visual Studio Version 16
VisualStudioVersion = 16.0.809.6
MinimumVisualStudioVersion = 10.0.40219.1
Project("{FAE04EC0-301F-11D3-BF4B-00C04F79EFBC}") = "HexagonalArchitecture", "HexagonalArchitecture\HexagonalArchitecture.csproj", "{DA4933A6-0E3E-4B8E-B83E-2E44F66CC125}"
EndProject
Project("{FAE04EC0-301F-11D3-BF4B-00C04F79EFBC}") = "CustomerDomain", "Customer\CustomerDomain.csproj", "{7C144360-AAD8-4E51-BEAC-C05052A9E85B}"
EndProject
Project("{FAE04EC0-301F-11D3-BF4B-00C04F79EFBC}") = "CustomersAPI", "CustomersAPI\CustomersAPI.csproj", "{F4761BA3-6153-4BC1-AD45-3C250C6216AA}"
EndProject
Global
	GlobalSection(SolutionConfigurationPlatforms) = preSolution
		Debug|Any CPU = Debug|Any CPU
		Release|Any CPU = Release|Any CPU
	EndGlobalSection
	GlobalSection(ProjectConfigurationPlatforms) = postSolution
		{DA4933A6-0E3E-4B8E-B83E-2E44F66CC125}.Debug|Any CPU.ActiveCfg = Debug|Any CPU
		{DA4933A6-0E3E-4B8E-B83E-2E44F66CC125}.Debug|Any CPU.Build.0 = Debug|Any CPU
		{DA4933A6-0E3E-4B8E-B83E-2E44F66CC125}.Release|Any CPU.ActiveCfg = Release|Any CPU
		{DA4933A6-0E3E-4B8E-B83E-2E44F66CC125}.Release|Any CPU.Build.0 = Release|Any CPU
		{7C144360-AAD8-4E51-BEAC-C05052A9E85B}.Debug|Any CPU.ActiveCfg = Debug|Any CPU
		{7C144360-AAD8-4E51-BEAC-C05052A9E85B}.Debug|Any CPU.Build.0 = Debug|Any CPU
		{7C144360-AAD8-4E51-BEAC-C05052A9E85B}.Release|Any CPU.ActiveCfg = Release|Any CPU
		{7C144360-AAD8-4E51-BEAC-C05052A9E85B}.Release|Any CPU.Build.0 = Release|Any CPU
		{F4761BA3-6153-4BC1-AD45-3C250C6216AA}.Debug|Any CPU.ActiveCfg = Debug|Any CPU
		{F4761BA3-6153-4BC1-AD45-3C250C6216AA}.Debug|Any CPU.Build.0 = Debug|Any CPU
		{F4761BA3-6153-4BC1-AD45-3C250C6216AA}.Release|Any CPU.ActiveCfg = Release|Any CPU
		{F4761BA3-6153-4BC1-AD45-3C250C6216AA}.Release|Any CPU.Build.0 = Release|Any CPU
	EndGlobalSection
	GlobalSection(SolutionProperties) = preSolution
		HideSolutionNode = FALSE
	EndGlobalSection
	GlobalSection(ExtensibilityGlobals) = postSolution
		SolutionGuid = {221706DE-8AF0-4F2C-860A-D3D6F9942C99}
	EndGlobalSection
EndGlobal
